// !$*UTF8*$!
{
	archiveVersion = 1;
	classes = {
	};
	objectVersion = 51;
	objects = {

/* Begin PBXBuildFile section */
		5A7791A07B68E3DEDE7D9DA3 /* Pods_PR31_SnapchatClone.framework in Frameworks */ = {isa = PBXBuildFile; fileRef = 9BABEF0A36910F386542E724 /* Pods_PR31_SnapchatClone.framework */; };
		A12FAE3D263A1CC40077AC65 /* UserSingleton.swift in Sources */ = {isa = PBXBuildFile; fileRef = A12FAE3C263A1CC40077AC65 /* UserSingleton.swift */; };
		A162AF342638C0080039B8F0 /* AppDelegate.swift in Sources */ = {isa = PBXBuildFile; fileRef = A162AF332638C0080039B8F0 /* AppDelegate.swift */; };
		A162AF362638C0080039B8F0 /* SceneDelegate.swift in Sources */ = {isa = PBXBuildFile; fileRef = A162AF352638C0080039B8F0 /* SceneDelegate.swift */; };
		A162AF382638C0080039B8F0 /* SignInVC.swift in Sources */ = {isa = PBXBuildFile; fileRef = A162AF372638C0080039B8F0 /* SignInVC.swift */; };
		A162AF3B2638C0080039B8F0 /* Main.storyboard in Resources */ = {isa = PBXBuildFile; fileRef = A162AF392638C0080039B8F0 /* Main.storyboard */; };
		A162AF3D2638C00F0039B8F0 /* Assets.xcassets in Resources */ = {isa = PBXBuildFile; fileRef = A162AF3C2638C00F0039B8F0 /* Assets.xcassets */; };
		A162AF402638C00F0039B8F0 /* LaunchScreen.storyboard in Resources */ = {isa = PBXBuildFile; fileRef = A162AF3E2638C00F0039B8F0 /* LaunchScreen.storyboard */; };
		A162AF492638C15A0039B8F0 /* GoogleService-Info.plist in Resources */ = {isa = PBXBuildFile; fileRef = A162AF482638C15A0039B8F0 /* GoogleService-Info.plist */; };
		A162AF652638CC7C0039B8F0 /* FeedVC.swift in Sources */ = {isa = PBXBuildFile; fileRef = A162AF642638CC7C0039B8F0 /* FeedVC.swift */; };
		A162AF682638CC8F0039B8F0 /* UploadVC.swift in Sources */ = {isa = PBXBuildFile; fileRef = A162AF672638CC8F0039B8F0 /* UploadVC.swift */; };
		A162AF6B2638CC9F0039B8F0 /* SettingsVC.swift in Sources */ = {isa = PBXBuildFile; fileRef = A162AF6A2638CC9F0039B8F0 /* SettingsVC.swift */; };
		A162AF712638CFB50039B8F0 /* SnapVC.swift in Sources */ = {isa = PBXBuildFile; fileRef = A162AF702638CFB50039B8F0 /* SnapVC.swift */; };
		A1DC40E8263CB97D00923E40 /* FeedCell.swift in Sources */ = {isa = PBXBuildFile; fileRef = A1DC40E7263CB97D00923E40 /* FeedCell.swift */; };
		A1DC40EA263CC15D00923E40 /* Snap.swift in Sources */ = {isa = PBXBuildFile; fileRef = A1DC40E9263CC15D00923E40 /* Snap.swift */; };
/* End PBXBuildFile section */

/* Begin PBXFileReference section */
		9BABEF0A36910F386542E724 /* Pods_PR31_SnapchatClone.framework */ = {isa = PBXFileReference; explicitFileType = wrapper.framework; includeInIndex = 0; path = Pods_PR31_SnapchatClone.framework; sourceTree = BUILT_PRODUCTS_DIR; };
		A12FAE3C263A1CC40077AC65 /* UserSingleton.swift */ = {isa = PBXFileReference; lastKnownFileType = sourcecode.swift; path = UserSingleton.swift; sourceTree = "<group>"; };
		A162AF302638C0080039B8F0 /* PR31-SnapchatClone.app */ = {isa = PBXFileReference; explicitFileType = wrapper.application; includeInIndex = 0; path = "PR31-SnapchatClone.app"; sourceTree = BUILT_PRODUCTS_DIR; };
		A162AF332638C0080039B8F0 /* AppDelegate.swift */ = {isa = PBXFileReference; lastKnownFileType = sourcecode.swift; path = AppDelegate.swift; sourceTree = "<group>"; };
		A162AF352638C0080039B8F0 /* SceneDelegate.swift */ = {isa = PBXFileReference; lastKnownFileType = sourcecode.swift; path = SceneDelegate.swift; sourceTree = "<group>"; };
		A162AF372638C0080039B8F0 /* SignInVC.swift */ = {isa = PBXFileReference; lastKnownFileType = sourcecode.swift; path = SignInVC.swift; sourceTree = "<group>"; };
		A162AF3A2638C0080039B8F0 /* Base */ = {isa = PBXFileReference; lastKnownFileType = file.storyboard; name = Base; path = Base.lproj/Main.storyboard; sourceTree = "<group>"; };
		A162AF3C2638C00F0039B8F0 /* Assets.xcassets */ = {isa = PBXFileReference; lastKnownFileType = folder.assetcatalog; path = Assets.xcassets; sourceTree = "<group>"; };
		A162AF3F2638C00F0039B8F0 /* Base */ = {isa = PBXFileReference; lastKnownFileType = file.storyboard; name = Base; path = Base.lproj/LaunchScreen.storyboard; sourceTree = "<group>"; };
		A162AF412638C00F0039B8F0 /* Info.plist */ = {isa = PBXFileReference; lastKnownFileType = text.plist.xml; path = Info.plist; sourceTree = "<group>"; };
		A162AF482638C15A0039B8F0 /* GoogleService-Info.plist */ = {isa = PBXFileReference; fileEncoding = 4; lastKnownFileType = text.plist.xml; path = "GoogleService-Info.plist"; sourceTree = "<group>"; };
		A162AF642638CC7C0039B8F0 /* FeedVC.swift */ = {isa = PBXFileReference; lastKnownFileType = sourcecode.swift; path = FeedVC.swift; sourceTree = "<group>"; };
		A162AF672638CC8F0039B8F0 /* UploadVC.swift */ = {isa = PBXFileReference; lastKnownFileType = sourcecode.swift; path = UploadVC.swift; sourceTree = "<group>"; };
		A162AF6A2638CC9F0039B8F0 /* SettingsVC.swift */ = {isa = PBXFileReference; lastKnownFileType = sourcecode.swift; path = SettingsVC.swift; sourceTree = "<group>"; };
		A162AF702638CFB50039B8F0 /* SnapVC.swift */ = {isa = PBXFileReference; lastKnownFileType = sourcecode.swift; path = SnapVC.swift; sourceTree = "<group>"; };
		A1DC40E7263CB97D00923E40 /* FeedCell.swift */ = {isa = PBXFileReference; lastKnownFileType = sourcecode.swift; path = FeedCell.swift; sourceTree = "<group>"; };
		A1DC40E9263CC15D00923E40 /* Snap.swift */ = {isa = PBXFileReference; lastKnownFileType = sourcecode.swift; path = Snap.swift; sourceTree = "<group>"; };
		C9F6A07E52056240F46A24D9 /* Pods-PR31-SnapchatClone.release.xcconfig */ = {isa = PBXFileReference; includeInIndex = 1; lastKnownFileType = text.xcconfig; name = "Pods-PR31-SnapchatClone.release.xcconfig"; path = "Target Support Files/Pods-PR31-SnapchatClone/Pods-PR31-SnapchatClone.release.xcconfig"; sourceTree = "<group>"; };
		FC72ABAAEC3112D7ABBC27D5 /* Pods-PR31-SnapchatClone.debug.xcconfig */ = {isa = PBXFileReference; includeInIndex = 1; lastKnownFileType = text.xcconfig; name = "Pods-PR31-SnapchatClone.debug.xcconfig"; path = "Target Support Files/Pods-PR31-SnapchatClone/Pods-PR31-SnapchatClone.debug.xcconfig"; sourceTree = "<group>"; };
/* End PBXFileReference section */

/* Begin PBXFrameworksBuildPhase section */
		A162AF2D2638C0080039B8F0 /* Frameworks */ = {
			isa = PBXFrameworksBuildPhase;
			buildActionMask = 2147483647;
			files = (
				5A7791A07B68E3DEDE7D9DA3 /* Pods_PR31_SnapchatClone.framework in Frameworks */,
			);
			runOnlyForDeploymentPostprocessing = 0;
		};
/* End PBXFrameworksBuildPhase section */

/* Begin PBXGroup section */
		8AD2D54B25BE0DFEE73B73D3 /* Pods */ = {
			isa = PBXGroup;
			children = (
				FC72ABAAEC3112D7ABBC27D5 /* Pods-PR31-SnapchatClone.debug.xcconfig */,
				C9F6A07E52056240F46A24D9 /* Pods-PR31-SnapchatClone.release.xcconfig */,
			);
			path = Pods;
			sourceTree = "<group>";
		};
		A12FAE3B263A1C990077AC65 /* Models */ = {
			isa = PBXGroup;
			children = (
				A12FAE3C263A1CC40077AC65 /* UserSingleton.swift */,
				A1DC40E9263CC15D00923E40 /* Snap.swift */,
			);
			path = Models;
			sourceTree = "<group>";
		};
		A162AF272638C0080039B8F0 = {
			isa = PBXGroup;
			children = (
				A162AF322638C0080039B8F0 /* PR31-SnapchatClone */,
				A162AF312638C0080039B8F0 /* Products */,
				8AD2D54B25BE0DFEE73B73D3 /* Pods */,
				C78AC472E52B6186A834EB34 /* Frameworks */,
			);
			sourceTree = "<group>";
		};
		A162AF312638C0080039B8F0 /* Products */ = {
			isa = PBXGroup;
			children = (
				A162AF302638C0080039B8F0 /* PR31-SnapchatClone.app */,
			);
			name = Products;
			sourceTree = "<group>";
		};
		A162AF322638C0080039B8F0 /* PR31-SnapchatClone */ = {
			isa = PBXGroup;
			children = (
				A12FAE3B263A1C990077AC65 /* Models */,
				A162AF6E2638CD030039B8F0 /* Delegates */,
				A162AF6D2638CCAD0039B8F0 /* ViewControllers */,
				A162AF392638C0080039B8F0 /* Main.storyboard */,
				A162AF3C2638C00F0039B8F0 /* Assets.xcassets */,
				A162AF3E2638C00F0039B8F0 /* LaunchScreen.storyboard */,
				A162AF412638C00F0039B8F0 /* Info.plist */,
				A162AF482638C15A0039B8F0 /* GoogleService-Info.plist */,
			);
			path = "PR31-SnapchatClone";
			sourceTree = "<group>";
		};
		A162AF6D2638CCAD0039B8F0 /* ViewControllers */ = {
			isa = PBXGroup;
			children = (
				A1DC40E7263CB97D00923E40 /* FeedCell.swift */,
				A162AF372638C0080039B8F0 /* SignInVC.swift */,
				A162AF642638CC7C0039B8F0 /* FeedVC.swift */,
				A162AF672638CC8F0039B8F0 /* UploadVC.swift */,
				A162AF6A2638CC9F0039B8F0 /* SettingsVC.swift */,
				A162AF702638CFB50039B8F0 /* SnapVC.swift */,
			);
			path = ViewControllers;
			sourceTree = "<group>";
		};
		A162AF6E2638CD030039B8F0 /* Delegates */ = {
			isa = PBXGroup;
			children = (
				A162AF332638C0080039B8F0 /* AppDelegate.swift */,
				A162AF352638C0080039B8F0 /* SceneDelegate.swift */,
			);
			path = Delegates;
			sourceTree = "<group>";
		};
		C78AC472E52B6186A834EB34 /* Frameworks */ = {
			isa = PBXGroup;
			children = (
				9BABEF0A36910F386542E724 /* Pods_PR31_SnapchatClone.framework */,
			);
			name = Frameworks;
			sourceTree = "<group>";
		};
/* End PBXGroup section */

/* Begin PBXNativeTarget section */
		A162AF2F2638C0080039B8F0 /* PR31-SnapchatClone */ = {
			isa = PBXNativeTarget;
			buildConfigurationList = A162AF442638C00F0039B8F0 /* Build configuration list for PBXNativeTarget "PR31-SnapchatClone" */;
			buildPhases = (
				71B7D2BB2F94E6A9AACE55C5 /* [CP] Check Pods Manifest.lock */,
				A162AF2C2638C0080039B8F0 /* Sources */,
				A162AF2D2638C0080039B8F0 /* Frameworks */,
				A162AF2E2638C0080039B8F0 /* Resources */,
				2259FF7D30D12EF02D1F77E9 /* [CP] Embed Pods Frameworks */,
			);
			buildRules = (
			);
			dependencies = (
			);
			name = "PR31-SnapchatClone";
			productName = "PR31-SnapchatClone";
			productReference = A162AF302638C0080039B8F0 /* PR31-SnapchatClone.app */;
			productType = "com.apple.product-type.application";
		};
/* End PBXNativeTarget section */

/* Begin PBXProject section */
		A162AF282638C0080039B8F0 /* Project object */ = {
			isa = PBXProject;
			attributes = {
				LastSwiftUpdateCheck = 1240;
				LastUpgradeCheck = 1240;
				TargetAttributes = {
					A162AF2F2638C0080039B8F0 = {
						CreatedOnToolsVersion = 12.4;
					};
				};
			};
			buildConfigurationList = A162AF2B2638C0080039B8F0 /* Build configuration list for PBXProject "PR31-SnapchatClone" */;
			compatibilityVersion = "Xcode 9.3";
			developmentRegion = en;
			hasScannedForEncodings = 0;
			knownRegions = (
				en,
				Base,
			);
			mainGroup = A162AF272638C0080039B8F0;
			productRefGroup = A162AF312638C0080039B8F0 /* Products */;
			projectDirPath = "";
			projectRoot = "";
			targets = (
				A162AF2F2638C0080039B8F0 /* PR31-SnapchatClone */,
			);
		};
/* End PBXProject section */

/* Begin PBXResourcesBuildPhase section */
		A162AF2E2638C0080039B8F0 /* Resources */ = {
			isa = PBXResourcesBuildPhase;
			buildActionMask = 2147483647;
			files = (
				A162AF402638C00F0039B8F0 /* LaunchScreen.storyboard in Resources */,
				A162AF492638C15A0039B8F0 /* GoogleService-Info.plist in Resources */,
				A162AF3D2638C00F0039B8F0 /* Assets.xcassets in Resources */,
				A162AF3B2638C0080039B8F0 /* Main.storyboard in Resources */,
			);
			runOnlyForDeploymentPostprocessing = 0;
		};
/* End PBXResourcesBuildPhase section */

/* Begin PBXShellScriptBuildPhase section */
		2259FF7D30D12EF02D1F77E9 /* [CP] Embed Pods Frameworks */ = {
			isa = PBXShellScriptBuildPhase;
			buildActionMask = 2147483647;
			files = (
			);
			inputFileListPaths = (
				"${PODS_ROOT}/Target Support Files/Pods-PR31-SnapchatClone/Pods-PR31-SnapchatClone-frameworks-${CONFIGURATION}-input-files.xcfilelist",
			);
			name = "[CP] Embed Pods Frameworks";
			outputFileListPaths = (
				"${PODS_ROOT}/Target Support Files/Pods-PR31-SnapchatClone/Pods-PR31-SnapchatClone-frameworks-${CONFIGURATION}-output-files.xcfilelist",
			);
			runOnlyForDeploymentPostprocessing = 0;
			shellPath = /bin/sh;
			shellScript = "\"${PODS_ROOT}/Target Support Files/Pods-PR31-SnapchatClone/Pods-PR31-SnapchatClone-frameworks.sh\"\n";
			showEnvVarsInLog = 0;
		};
		71B7D2BB2F94E6A9AACE55C5 /* [CP] Check Pods Manifest.lock */ = {
			isa = PBXShellScriptBuildPhase;
			buildActionMask = 2147483647;
			files = (
			);
			inputFileListPaths = (
			);
			inputPaths = (
				"${PODS_PODFILE_DIR_PATH}/Podfile.lock",
				"${PODS_ROOT}/Manifest.lock",
			);
			name = "[CP] Check Pods Manifest.lock";
			outputFileListPaths = (
			);
			outputPaths = (
				"$(DERIVED_FILE_DIR)/Pods-PR31-SnapchatClone-checkManifestLockResult.txt",
			);
			runOnlyForDeploymentPostprocessing = 0;
			shellPath = /bin/sh;
			shellScript = "diff \"${PODS_PODFILE_DIR_PATH}/Podfile.lock\" \"${PODS_ROOT}/Manifest.lock\" > /dev/null\nif [ $? != 0 ] ; then\n    # print error to STDERR\n    echo \"error: The sandbox is not in sync with the Podfile.lock. Run 'pod install' or update your CocoaPods installation.\" >&2\n    exit 1\nfi\n# This output is used by Xcode 'outputs' to avoid re-running this script phase.\necho \"SUCCESS\" > \"${SCRIPT_OUTPUT_FILE_0}\"\n";
			showEnvVarsInLog = 0;
		};
/* End PBXShellScriptBuildPhase section */

/* Begin PBXSourcesBuildPhase section */
		A162AF2C2638C0080039B8F0 /* Sources */ = {
			isa = PBXSourcesBuildPhase;
			buildActionMask = 2147483647;
			files = (
				A12FAE3D263A1CC40077AC65 /* UserSingleton.swift in Sources */,
				A1DC40EA263CC15D00923E40 /* Snap.swift in Sources */,
				A162AF652638CC7C0039B8F0 /* FeedVC.swift in Sources */,
				A162AF382638C0080039B8F0 /* SignInVC.swift in Sources */,
				A162AF342638C0080039B8F0 /* AppDelegate.swift in Sources */,
				A162AF682638CC8F0039B8F0 /* UploadVC.swift in Sources */,
				A162AF712638CFB50039B8F0 /* SnapVC.swift in Sources */,
				A162AF362638C0080039B8F0 /* SceneDelegate.swift in Sources */,
				A162AF6B2638CC9F0039B8F0 /* SettingsVC.swift in Sources */,
				A1DC40E8263CB97D00923E40 /* FeedCell.swift in Sources */,
			);
			runOnlyForDeploymentPostprocessing = 0;
		};
/* End PBXSourcesBuildPhase section */

/* Begin PBXVariantGroup section */
		A162AF392638C0080039B8F0 /* Main.storyboard */ = {
			isa = PBXVariantGroup;
			children = (
				A162AF3A2638C0080039B8F0 /* Base */,
			);
			name = Main.storyboard;
			sourceTree = "<group>";
		};
		A162AF3E2638C00F0039B8F0 /* LaunchScreen.storyboard */ = {
			isa = PBXVariantGroup;
			children = (
				A162AF3F2638C00F0039B8F0 /* Base */,
			);
			name = LaunchScreen.storyboard;
			sourceTree = "<group>";
		};
/* End PBXVariantGroup section */

/* Begin XCBuildConfiguration section */
		A162AF422638C00F0039B8F0 /* Debug */ = {
			isa = XCBuildConfiguration;
			buildSettings = {
				ALWAYS_SEARCH_USER_PATHS = NO;
				CLANG_ANALYZER_NONNULL = YES;
				CLANG_ANALYZER_NUMBER_OBJECT_CONVERSION = YES_AGGRESSIVE;
				CLANG_CXX_LANGUAGE_STANDARD = "gnu++14";
				CLANG_CXX_LIBRARY = "libc++";
				CLANG_ENABLE_MODULES = YES;
				CLANG_ENABLE_OBJC_ARC = YES;
				CLANG_ENABLE_OBJC_WEAK = YES;
				CLANG_WARN_BLOCK_CAPTURE_AUTORELEASING = YES;
				CLANG_WARN_BOOL_CONVERSION = YES;
				CLANG_WARN_COMMA = YES;
				CLANG_WARN_CONSTANT_CONVERSION = YES;
				CLANG_WARN_DEPRECATED_OBJC_IMPLEMENTATIONS = YES;
				CLANG_WARN_DIRECT_OBJC_ISA_USAGE = YES_ERROR;
				CLANG_WARN_DOCUMENTATION_COMMENTS = YES;
				CLANG_WARN_EMPTY_BODY = YES;
				CLANG_WARN_ENUM_CONVERSION = YES;
				CLANG_WARN_INFINITE_RECURSION = YES;
				CLANG_WARN_INT_CONVERSION = YES;
				CLANG_WARN_NON_LITERAL_NULL_CONVERSION = YES;
				CLANG_WARN_OBJC_IMPLICIT_RETAIN_SELF = YES;
				CLANG_WARN_OBJC_LITERAL_CONVERSION = YES;
				CLANG_WARN_OBJC_ROOT_CLASS = YES_ERROR;
				CLANG_WARN_QUOTED_INCLUDE_IN_FRAMEWORK_HEADER = YES;
				CLANG_WARN_RANGE_LOOP_ANALYSIS = YES;
				CLANG_WARN_STRICT_PROTOTYPES = YES;
				CLANG_WARN_SUSPICIOUS_MOVE = YES;
				CLANG_WARN_UNGUARDED_AVAILABILITY = YES_AGGRESSIVE;
				CLANG_WARN_UNREACHABLE_CODE = YES;
				CLANG_WARN__DUPLICATE_METHOD_MATCH = YES;
				COPY_PHASE_STRIP = NO;
				DEBUG_INFORMATION_FORMAT = dwarf;
				ENABLE_STRICT_OBJC_MSGSEND = YES;
				ENABLE_TESTABILITY = YES;
				GCC_C_LANGUAGE_STANDARD = gnu11;
				GCC_DYNAMIC_NO_PIC = NO;
				GCC_NO_COMMON_BLOCKS = YES;
				GCC_OPTIMIZATION_LEVEL = 0;
				GCC_PREPROCESSOR_DEFINITIONS = (
					"DEBUG=1",
					"$(inherited)",
				);
				GCC_WARN_64_TO_32_BIT_CONVERSION = YES;
				GCC_WARN_ABOUT_RETURN_TYPE = YES_ERROR;
				GCC_WARN_UNDECLARED_SELECTOR = YES;
				GCC_WARN_UNINITIALIZED_AUTOS = YES_AGGRESSIVE;
				GCC_WARN_UNUSED_FUNCTION = YES;
				GCC_WARN_UNUSED_VARIABLE = YES;
				IPHONEOS_DEPLOYMENT_TARGET = 14.4;
				MTL_ENABLE_DEBUG_INFO = INCLUDE_SOURCE;
				MTL_FAST_MATH = YES;
				ONLY_ACTIVE_ARCH = YES;
				SDKROOT = iphoneos;
				SWIFT_ACTIVE_COMPILATION_CONDITIONS = DEBUG;
				SWIFT_OPTIMIZATION_LEVEL = "-Onone";
			};
			name = Debug;
		};
		A162AF432638C00F0039B8F0 /* Release */ = {
			isa = XCBuildConfiguration;
			buildSettings = {
				ALWAYS_SEARCH_USER_PATHS = NO;
				CLANG_ANALYZER_NONNULL = YES;
				CLANG_ANALYZER_NUMBER_OBJECT_CONVERSION = YES_AGGRESSIVE;
				CLANG_CXX_LANGUAGE_STANDARD = "gnu++14";
				CLANG_CXX_LIBRARY = "libc++";
				CLANG_ENABLE_MODULES = YES;
				CLANG_ENABLE_OBJC_ARC = YES;
				CLANG_ENABLE_OBJC_WEAK = YES;
				CLANG_WARN_BLOCK_CAPTURE_AUTORELEASING = YES;
				CLANG_WARN_BOOL_CONVERSION = YES;
				CLANG_WARN_COMMA = YES;
				CLANG_WARN_CONSTANT_CONVERSION = YES;
				CLANG_WARN_DEPRECATED_OBJC_IMPLEMENTATIONS = YES;
				CLANG_WARN_DIRECT_OBJC_ISA_USAGE = YES_ERROR;
				CLANG_WARN_DOCUMENTATION_COMMENTS = YES;
				CLANG_WARN_EMPTY_BODY = YES;
				CLANG_WARN_ENUM_CONVERSION = YES;
				CLANG_WARN_INFINITE_RECURSION = YES;
				CLANG_WARN_INT_CONVERSION = YES;
				CLANG_WARN_NON_LITERAL_NULL_CONVERSION = YES;
				CLANG_WARN_OBJC_IMPLICIT_RETAIN_SELF = YES;
				CLANG_WARN_OBJC_LITERAL_CONVERSION = YES;
				CLANG_WARN_OBJC_ROOT_CLASS = YES_ERROR;
				CLANG_WARN_QUOTED_INCLUDE_IN_FRAMEWORK_HEADER = YES;
				CLANG_WARN_RANGE_LOOP_ANALYSIS = YES;
				CLANG_WARN_STRICT_PROTOTYPES = YES;
				CLANG_WARN_SUSPICIOUS_MOVE = YES;
				CLANG_WARN_UNGUARDED_AVAILABILITY = YES_AGGRESSIVE;
				CLANG_WARN_UNREACHABLE_CODE = YES;
				CLANG_WARN__DUPLICATE_METHOD_MATCH = YES;
				COPY_PHASE_STRIP = NO;
				DEBUG_INFORMATION_FORMAT = "dwarf-with-dsym";
				ENABLE_NS_ASSERTIONS = NO;
				ENABLE_STRICT_OBJC_MSGSEND = YES;
				GCC_C_LANGUAGE_STANDARD = gnu11;
				GCC_NO_COMMON_BLOCKS = YES;
				GCC_WARN_64_TO_32_BIT_CONVERSION = YES;
				GCC_WARN_ABOUT_RETURN_TYPE = YES_ERROR;
				GCC_WARN_UNDECLARED_SELECTOR = YES;
				GCC_WARN_UNINITIALIZED_AUTOS = YES_AGGRESSIVE;
				GCC_WARN_UNUSED_FUNCTION = YES;
				GCC_WARN_UNUSED_VARIABLE = YES;
				IPHONEOS_DEPLOYMENT_TARGET = 14.4;
				MTL_ENABLE_DEBUG_INFO = NO;
				MTL_FAST_MATH = YES;
				SDKROOT = iphoneos;
				SWIFT_COMPILATION_MODE = wholemodule;
				SWIFT_OPTIMIZATION_LEVEL = "-O";
				VALIDATE_PRODUCT = YES;
			};
			name = Release;
		};
		A162AF452638C00F0039B8F0 /* Debug */ = {
			isa = XCBuildConfiguration;
			baseConfigurationReference = FC72ABAAEC3112D7ABBC27D5 /* Pods-PR31-SnapchatClone.debug.xcconfig */;
			buildSettings = {
				ASSETCATALOG_COMPILER_APPICON_NAME = AppIcon;
				ASSETCATALOG_COMPILER_GLOBAL_ACCENT_COLOR_NAME = AccentColor;
				CODE_SIGN_STYLE = Automatic;
				DEVELOPMENT_TEAM = 35KVTA4YKJ;
				INFOPLIST_FILE = "PR31-SnapchatClone/Info.plist";
				LD_RUNPATH_SEARCH_PATHS = (
					"$(inherited)",
					"@executable_path/Frameworks",
				);
				PRODUCT_BUNDLE_IDENTIFIER = "com.selcukbaki.PR31-SnapchatClone";
				PRODUCT_NAME = "$(TARGET_NAME)";
				SWIFT_VERSION = 5.0;
				TARGETED_DEVICE_FAMILY = "1,2";
			};
			name = Debug;
		};
		A162AF462638C00F0039B8F0 /* Release */ = {
			isa = XCBuildConfiguration;
			baseConfigurationReference = C9F6A07E52056240F46A24D9 /* Pods-PR31-SnapchatClone.release.xcconfig */;
			buildSettings = {
				ASSETCATALOG_COMPILER_APPICON_NAME = AppIcon;
				ASSETCATALOG_COMPILER_GLOBAL_ACCENT_COLOR_NAME = AccentColor;
				CODE_SIGN_STYLE = Automatic;
				DEVELOPMENT_TEAM = 35KVTA4YKJ;
				INFOPLIST_FILE = "PR31-SnapchatClone/Info.plist";
				LD_RUNPATH_SEARCH_PATHS = (
					"$(inherited)",
					"@executable_path/Frameworks",
				);
				PRODUCT_BUNDLE_IDENTIFIER = "com.selcukbaki.PR31-SnapchatClone";
				PRODUCT_NAME = "$(TARGET_NAME)";
				SWIFT_VERSION = 5.0;
				TARGETED_DEVICE_FAMILY = "1,2";
			};
			name = Release;
		};
/* End XCBuildConfiguration section */

/* Begin XCConfigurationList section */
		A162AF2B2638C0080039B8F0 /* Build configuration list for PBXProject "PR31-SnapchatClone" */ = {
			isa = XCConfigurationList;
			buildConfigurations = (
				A162AF422638C00F0039B8F0 /* Debug */,
				A162AF432638C00F0039B8F0 /* Release */,
			);
			defaultConfigurationIsVisible = 0;
			defaultConfigurationName = Release;
		};
		A162AF442638C00F0039B8F0 /* Build configuration list for PBXNativeTarget "PR31-SnapchatClone" */ = {
			isa = XCConfigurationList;
			buildConfigurations = (
				A162AF452638C00F0039B8F0 /* Debug */,
				A162AF462638C00F0039B8F0 /* Release */,
			);
			defaultConfigurationIsVisible = 0;
			defaultConfigurationName = Release;
		};
/* End XCConfigurationList section */
	};
	rootObject = A162AF282638C0080039B8F0 /* Project object */;
}
